// !$*UTF8*$!
{
	archiveVersion = 1;
	classes = {
	};
	objectVersion = 50;
	objects = {

/* Begin PBXBuildFile section */
		32B76337211956CC00673656 /* AppDelegate.swift in Sources */ = {isa = PBXBuildFile; fileRef = 32B76336211956CC00673656 /* AppDelegate.swift */; };
		32B76339211956CC00673656 /* SearchUserViewController.swift in Sources */ = {isa = PBXBuildFile; fileRef = 32B76338211956CC00673656 /* SearchUserViewController.swift */; };
		32B7633C211956CC00673656 /* Main.storyboard in Resources */ = {isa = PBXBuildFile; fileRef = 32B7633A211956CC00673656 /* Main.storyboard */; };
		32B7633E211956CF00673656 /* Assets.xcassets in Resources */ = {isa = PBXBuildFile; fileRef = 32B7633D211956CF00673656 /* Assets.xcassets */; };
		32B76341211956CF00673656 /* LaunchScreen.storyboard in Resources */ = {isa = PBXBuildFile; fileRef = 32B7633F211956CF00673656 /* LaunchScreen.storyboard */; };
		32B7634F2119596E00673656 /* User.swift in Sources */ = {isa = PBXBuildFile; fileRef = 32B7634E2119596E00673656 /* User.swift */; };
		32B7635621195A3800673656 /* APIService.swift in Sources */ = {isa = PBXBuildFile; fileRef = 32B7635521195A3800673656 /* APIService.swift */; };
		32B7635821195BCE00673656 /* BaseRequest.swift in Sources */ = {isa = PBXBuildFile; fileRef = 32B7635721195BCE00673656 /* BaseRequest.swift */; };
		32B7635A21195BEF00673656 /* SearchRequest.swift in Sources */ = {isa = PBXBuildFile; fileRef = 32B7635921195BEF00673656 /* SearchRequest.swift */; };
		32B7635D211984FF00673656 /* SearchResponse.swift in Sources */ = {isa = PBXBuildFile; fileRef = 32B7635C211984FF00673656 /* SearchResponse.swift */; };
		32B7635F2119890100673656 /* SearchResultViewController.swift in Sources */ = {isa = PBXBuildFile; fileRef = 32B7635E2119890100673656 /* SearchResultViewController.swift */; };
		32B7636321198E4500673656 /* SearchUserPresenter.swift in Sources */ = {isa = PBXBuildFile; fileRef = 32B7636221198E4500673656 /* SearchUserPresenter.swift */; };
		BD353B56BD511B3F3BE74AF1 /* Pods_SearchUserMVP.framework in Frameworks */ = {isa = PBXBuildFile; fileRef = 077413E2679F24406540DA2F /* Pods_SearchUserMVP.framework */; };
/* End PBXBuildFile section */

/* Begin PBXFileReference section */
		077413E2679F24406540DA2F /* Pods_SearchUserMVP.framework */ = {isa = PBXFileReference; explicitFileType = wrapper.framework; includeInIndex = 0; path = Pods_SearchUserMVP.framework; sourceTree = BUILT_PRODUCTS_DIR; };
		32B76333211956CC00673656 /* SearchUserMVP.app */ = {isa = PBXFileReference; explicitFileType = wrapper.application; includeInIndex = 0; path = SearchUserMVP.app; sourceTree = BUILT_PRODUCTS_DIR; };
		32B76336211956CC00673656 /* AppDelegate.swift */ = {isa = PBXFileReference; lastKnownFileType = sourcecode.swift; path = AppDelegate.swift; sourceTree = "<group>"; };
		32B76338211956CC00673656 /* SearchUserViewController.swift */ = {isa = PBXFileReference; lastKnownFileType = sourcecode.swift; path = SearchUserViewController.swift; sourceTree = "<group>"; };
		32B7633B211956CC00673656 /* Base */ = {isa = PBXFileReference; lastKnownFileType = file.storyboard; name = Base; path = Base.lproj/Main.storyboard; sourceTree = "<group>"; };
		32B7633D211956CF00673656 /* Assets.xcassets */ = {isa = PBXFileReference; lastKnownFileType = folder.assetcatalog; path = Assets.xcassets; sourceTree = "<group>"; };
		32B76340211956CF00673656 /* Base */ = {isa = PBXFileReference; lastKnownFileType = file.storyboard; name = Base; path = Base.lproj/LaunchScreen.storyboard; sourceTree = "<group>"; };
		32B76342211956CF00673656 /* Info.plist */ = {isa = PBXFileReference; lastKnownFileType = text.plist.xml; path = Info.plist; sourceTree = "<group>"; };
		32B7634E2119596E00673656 /* User.swift */ = {isa = PBXFileReference; lastKnownFileType = sourcecode.swift; path = User.swift; sourceTree = "<group>"; };
		32B7635521195A3800673656 /* APIService.swift */ = {isa = PBXFileReference; lastKnownFileType = sourcecode.swift; path = APIService.swift; sourceTree = "<group>"; };
		32B7635721195BCE00673656 /* BaseRequest.swift */ = {isa = PBXFileReference; lastKnownFileType = sourcecode.swift; path = BaseRequest.swift; sourceTree = "<group>"; };
		32B7635921195BEF00673656 /* SearchRequest.swift */ = {isa = PBXFileReference; lastKnownFileType = sourcecode.swift; path = SearchRequest.swift; sourceTree = "<group>"; };
		32B7635C211984FF00673656 /* SearchResponse.swift */ = {isa = PBXFileReference; lastKnownFileType = sourcecode.swift; path = SearchResponse.swift; sourceTree = "<group>"; };
		32B7635E2119890100673656 /* SearchResultViewController.swift */ = {isa = PBXFileReference; lastKnownFileType = sourcecode.swift; path = SearchResultViewController.swift; sourceTree = "<group>"; };
		32B7636221198E4500673656 /* SearchUserPresenter.swift */ = {isa = PBXFileReference; lastKnownFileType = sourcecode.swift; path = SearchUserPresenter.swift; sourceTree = "<group>"; };
		CD55C39268224864B1F6C949 /* Pods-SearchUserMVP.debug.xcconfig */ = {isa = PBXFileReference; includeInIndex = 1; lastKnownFileType = text.xcconfig; name = "Pods-SearchUserMVP.debug.xcconfig"; path = "Pods/Target Support Files/Pods-SearchUserMVP/Pods-SearchUserMVP.debug.xcconfig"; sourceTree = "<group>"; };
		EC792125E067572892CC5FDA /* Pods-SearchUserMVP.release.xcconfig */ = {isa = PBXFileReference; includeInIndex = 1; lastKnownFileType = text.xcconfig; name = "Pods-SearchUserMVP.release.xcconfig"; path = "Pods/Target Support Files/Pods-SearchUserMVP/Pods-SearchUserMVP.release.xcconfig"; sourceTree = "<group>"; };
/* End PBXFileReference section */

/* Begin PBXFrameworksBuildPhase section */
		32B76330211956CC00673656 /* Frameworks */ = {
			isa = PBXFrameworksBuildPhase;
			buildActionMask = 2147483647;
			files = (
				BD353B56BD511B3F3BE74AF1 /* Pods_SearchUserMVP.framework in Frameworks */,
			);
			runOnlyForDeploymentPostprocessing = 0;
		};
/* End PBXFrameworksBuildPhase section */

/* Begin PBXGroup section */
		32B7632A211956CC00673656 = {
			isa = PBXGroup;
			children = (
				32B76335211956CC00673656 /* SearchUserMVP */,
				32B76334211956CC00673656 /* Products */,
				F0148BC5C1DD0DE13573019A /* Pods */,
				3C13691C9F53635A6F55E30F /* Frameworks */,
			);
			sourceTree = "<group>";
		};
		32B76334211956CC00673656 /* Products */ = {
			isa = PBXGroup;
			children = (
				32B76333211956CC00673656 /* SearchUserMVP.app */,
			);
			name = Products;
			sourceTree = "<group>";
		};
		32B76335211956CC00673656 /* SearchUserMVP */ = {
			isa = PBXGroup;
			children = (
				32B7634D2119575200673656 /* API & Service */,
				32B7634B2119570500673656 /* Application */,
				32B7634C2119571400673656 /* Resources */,
				32B7634A211956F500673656 /* Presenters */,
				32B76349211956EB00673656 /* Views */,
				32B76348211956E000673656 /* Models */,
				32B76342211956CF00673656 /* Info.plist */,
			);
			path = SearchUserMVP;
			sourceTree = "<group>";
		};
		32B76348211956E000673656 /* Models */ = {
			isa = PBXGroup;
			children = (
				32B7634E2119596E00673656 /* User.swift */,
			);
			path = Models;
			sourceTree = "<group>";
		};
		32B76349211956EB00673656 /* Views */ = {
			isa = PBXGroup;
			children = (
				32B7633F211956CF00673656 /* LaunchScreen.storyboard */,
				32B7635E2119890100673656 /* SearchResultViewController.swift */,
				32B76338211956CC00673656 /* SearchUserViewController.swift */,
				32B7633A211956CC00673656 /* Main.storyboard */,
			);
			path = Views;
			sourceTree = "<group>";
		};
		32B7634A211956F500673656 /* Presenters */ = {
			isa = PBXGroup;
			children = (
				32B7636221198E4500673656 /* SearchUserPresenter.swift */,
			);
			path = Presenters;
			sourceTree = "<group>";
		};
		32B7634B2119570500673656 /* Application */ = {
			isa = PBXGroup;
			children = (
				32B76336211956CC00673656 /* AppDelegate.swift */,
			);
			path = Application;
			sourceTree = "<group>";
		};
		32B7634C2119571400673656 /* Resources */ = {
			isa = PBXGroup;
			children = (
				32B7633D211956CF00673656 /* Assets.xcassets */,
			);
			path = Resources;
			sourceTree = "<group>";
		};
		32B7634D2119575200673656 /* API & Service */ = {
			isa = PBXGroup;
			children = (
				32B76351211959AA00673656 /* Service */,
				32B76350211959A100673656 /* API */,
			);
			path = "API & Service";
			sourceTree = "<group>";
		};
		32B76350211959A100673656 /* API */ = {
			isa = PBXGroup;
			children = (
				32B76353211959C200673656 /* Response */,
				32B76352211959B800673656 /* Request */,
			);
			path = API;
			sourceTree = "<group>";
		};
		32B76351211959AA00673656 /* Service */ = {
			isa = PBXGroup;
			children = (
				32B7635521195A3800673656 /* APIService.swift */,
			);
			path = Service;
			sourceTree = "<group>";
		};
		32B76352211959B800673656 /* Request */ = {
			isa = PBXGroup;
			children = (
				32B7635721195BCE00673656 /* BaseRequest.swift */,
				32B7635921195BEF00673656 /* SearchRequest.swift */,
			);
			path = Request;
			sourceTree = "<group>";
		};
		32B76353211959C200673656 /* Response */ = {
			isa = PBXGroup;
			children = (
				32B7635C211984FF00673656 /* SearchResponse.swift */,
			);
			path = Response;
			sourceTree = "<group>";
		};
		3C13691C9F53635A6F55E30F /* Frameworks */ = {
			isa = PBXGroup;
			children = (
				077413E2679F24406540DA2F /* Pods_SearchUserMVP.framework */,
			);
			name = Frameworks;
			sourceTree = "<group>";
		};
		F0148BC5C1DD0DE13573019A /* Pods */ = {
			isa = PBXGroup;
			children = (
				CD55C39268224864B1F6C949 /* Pods-SearchUserMVP.debug.xcconfig */,
				EC792125E067572892CC5FDA /* Pods-SearchUserMVP.release.xcconfig */,
			);
			name = Pods;
			sourceTree = "<group>";
		};
/* End PBXGroup section */

/* Begin PBXNativeTarget section */
		32B76332211956CC00673656 /* SearchUserMVP */ = {
			isa = PBXNativeTarget;
			buildConfigurationList = 32B76345211956CF00673656 /* Build configuration list for PBXNativeTarget "SearchUserMVP" */;
			buildPhases = (
				D87770972EB51B8E11AB14C3 /* [CP] Check Pods Manifest.lock */,
				32B7632F211956CC00673656 /* Sources */,
				32B76330211956CC00673656 /* Frameworks */,
				32B76331211956CC00673656 /* Resources */,
				60A23441CC85D6B5196865F0 /* [CP] Embed Pods Frameworks */,
			);
			buildRules = (
			);
			dependencies = (
			);
			name = SearchUserMVP;
			productName = SearchUserMVP;
			productReference = 32B76333211956CC00673656 /* SearchUserMVP.app */;
			productType = "com.apple.product-type.application";
		};
/* End PBXNativeTarget section */

/* Begin PBXProject section */
		32B7632B211956CC00673656 /* Project object */ = {
			isa = PBXProject;
			attributes = {
				LastSwiftUpdateCheck = 0940;
				LastUpgradeCheck = 0940;
				ORGANIZATIONNAME = ThinhLe;
				TargetAttributes = {
					32B76332211956CC00673656 = {
						CreatedOnToolsVersion = 9.4.1;
					};
				};
			};
			buildConfigurationList = 32B7632E211956CC00673656 /* Build configuration list for PBXProject "SearchUserMVP" */;
			compatibilityVersion = "Xcode 9.3";
			developmentRegion = en;
			hasScannedForEncodings = 0;
			knownRegions = (
				en,
				Base,
			);
			mainGroup = 32B7632A211956CC00673656;
			productRefGroup = 32B76334211956CC00673656 /* Products */;
			projectDirPath = "";
			projectRoot = "";
			targets = (
				32B76332211956CC00673656 /* SearchUserMVP */,
			);
		};
/* End PBXProject section */

/* Begin PBXResourcesBuildPhase section */
		32B76331211956CC00673656 /* Resources */ = {
			isa = PBXResourcesBuildPhase;
			buildActionMask = 2147483647;
			files = (
				32B76341211956CF00673656 /* LaunchScreen.storyboard in Resources */,
				32B7633E211956CF00673656 /* Assets.xcassets in Resources */,
				32B7633C211956CC00673656 /* Main.storyboard in Resources */,
			);
			runOnlyForDeploymentPostprocessing = 0;
		};
/* End PBXResourcesBuildPhase section */

/* Begin PBXShellScriptBuildPhase section */
		60A23441CC85D6B5196865F0 /* [CP] Embed Pods Frameworks */ = {
			isa = PBXShellScriptBuildPhase;
			buildActionMask = 2147483647;
			files = (
			);
			inputPaths = (
				"${SRCROOT}/Pods/Target Support Files/Pods-SearchUserMVP/Pods-SearchUserMVP-frameworks.sh",
				"${BUILT_PRODUCTS_DIR}/Alamofire/Alamofire.framework",
				"${BUILT_PRODUCTS_DIR}/AlamofireObjectMapper/AlamofireObjectMapper.framework",
				"${BUILT_PRODUCTS_DIR}/ObjectMapper/ObjectMapper.framework",
			);
			name = "[CP] Embed Pods Frameworks";
			outputPaths = (
				"${TARGET_BUILD_DIR}/${FRAMEWORKS_FOLDER_PATH}/Alamofire.framework",
				"${TARGET_BUILD_DIR}/${FRAMEWORKS_FOLDER_PATH}/AlamofireObjectMapper.framework",
				"${TARGET_BUILD_DIR}/${FRAMEWORKS_FOLDER_PATH}/ObjectMapper.framework",
			);
			runOnlyForDeploymentPostprocessing = 0;
			shellPath = /bin/sh;
			shellScript = "\"${SRCROOT}/Pods/Target Support Files/Pods-SearchUserMVP/Pods-SearchUserMVP-frameworks.sh\"\n";
			showEnvVarsInLog = 0;
		};
		D87770972EB51B8E11AB14C3 /* [CP] Check Pods Manifest.lock */ = {
			isa = PBXShellScriptBuildPhase;
			buildActionMask = 2147483647;
			files = (
			);
			inputPaths = (
				"${PODS_PODFILE_DIR_PATH}/Podfile.lock",
				"${PODS_ROOT}/Manifest.lock",
			);
			name = "[CP] Check Pods Manifest.lock";
			outputPaths = (
				"$(DERIVED_FILE_DIR)/Pods-SearchUserMVP-checkManifestLockResult.txt",
			);
			runOnlyForDeploymentPostprocessing = 0;
			shellPath = /bin/sh;
			shellScript = "diff \"${PODS_PODFILE_DIR_PATH}/Podfile.lock\" \"${PODS_ROOT}/Manifest.lock\" > /dev/null\nif [ $? != 0 ] ; then\n    # print error to STDERR\n    echo \"error: The sandbox is not in sync with the Podfile.lock. Run 'pod install' or update your CocoaPods installation.\" >&2\n    exit 1\nfi\n# This output is used by Xcode 'outputs' to avoid re-running this script phase.\necho \"SUCCESS\" > \"${SCRIPT_OUTPUT_FILE_0}\"\n";
			showEnvVarsInLog = 0;
		};
/* End PBXShellScriptBuildPhase section */

/* Begin PBXSourcesBuildPhase section */
		32B7632F211956CC00673656 /* Sources */ = {
			isa = PBXSourcesBuildPhase;
			buildActionMask = 2147483647;
			files = (
				32B7635D211984FF00673656 /* SearchResponse.swift in Sources */,
				32B7636321198E4500673656 /* SearchUserPresenter.swift in Sources */,
				32B7635821195BCE00673656 /* BaseRequest.swift in Sources */,
				32B76339211956CC00673656 /* SearchUserViewController.swift in Sources */,
				32B7635A21195BEF00673656 /* SearchRequest.swift in Sources */,
				32B7635621195A3800673656 /* APIService.swift in Sources */,
				32B76337211956CC00673656 /* AppDelegate.swift in Sources */,
				32B7635F2119890100673656 /* SearchResultViewController.swift in Sources */,
				32B7634F2119596E00673656 /* User.swift in Sources */,
			);
			runOnlyForDeploymentPostprocessing = 0;
		};
/* End PBXSourcesBuildPhase section */

/* Begin PBXVariantGroup section */
		32B7633A211956CC00673656 /* Main.storyboard */ = {
			isa = PBXVariantGroup;
			children = (
				32B7633B211956CC00673656 /* Base */,
			);
			name = Main.storyboard;
			sourceTree = "<group>";
		};
		32B7633F211956CF00673656 /* LaunchScreen.storyboard */ = {
			isa = PBXVariantGroup;
			children = (
				32B76340211956CF00673656 /* Base */,
			);
			name = LaunchScreen.storyboard;
			sourceTree = "<group>";
		};
/* End PBXVariantGroup section */

/* Begin XCBuildConfiguration section */
		32B76343211956CF00673656 /* Debug */ = {
			isa = XCBuildConfiguration;
			buildSettings = {
				ALWAYS_SEARCH_USER_PATHS = NO;
				CLANG_ANALYZER_NONNULL = YES;
				CLANG_ANALYZER_NUMBER_OBJECT_CONVERSION = YES_AGGRESSIVE;
				CLANG_CXX_LANGUAGE_STANDARD = "gnu++14";
				CLANG_CXX_LIBRARY = "libc++";
				CLANG_ENABLE_MODULES = YES;
				CLANG_ENABLE_OBJC_ARC = YES;
				CLANG_ENABLE_OBJC_WEAK = YES;
				CLANG_WARN_BLOCK_CAPTURE_AUTORELEASING = YES;
				CLANG_WARN_BOOL_CONVERSION = YES;
				CLANG_WARN_COMMA = YES;
				CLANG_WARN_CONSTANT_CONVERSION = YES;
				CLANG_WARN_DEPRECATED_OBJC_IMPLEMENTATIONS = YES;
				CLANG_WARN_DIRECT_OBJC_ISA_USAGE = YES_ERROR;
				CLANG_WARN_DOCUMENTATION_COMMENTS = YES;
				CLANG_WARN_EMPTY_BODY = YES;
				CLANG_WARN_ENUM_CONVERSION = YES;
				CLANG_WARN_INFINITE_RECURSION = YES;
				CLANG_WARN_INT_CONVERSION = YES;
				CLANG_WARN_NON_LITERAL_NULL_CONVERSION = YES;
				CLANG_WARN_OBJC_IMPLICIT_RETAIN_SELF = YES;
				CLANG_WARN_OBJC_LITERAL_CONVERSION = YES;
				CLANG_WARN_OBJC_ROOT_CLASS = YES_ERROR;
				CLANG_WARN_RANGE_LOOP_ANALYSIS = YES;
				CLANG_WARN_STRICT_PROTOTYPES = YES;
				CLANG_WARN_SUSPICIOUS_MOVE = YES;
				CLANG_WARN_UNGUARDED_AVAILABILITY = YES_AGGRESSIVE;
				CLANG_WARN_UNREACHABLE_CODE = YES;
				CLANG_WARN__DUPLICATE_METHOD_MATCH = YES;
				CODE_SIGN_IDENTITY = "iPhone Developer";
				COPY_PHASE_STRIP = NO;
				DEBUG_INFORMATION_FORMAT = dwarf;
				ENABLE_STRICT_OBJC_MSGSEND = YES;
				ENABLE_TESTABILITY = YES;
				GCC_C_LANGUAGE_STANDARD = gnu11;
				GCC_DYNAMIC_NO_PIC = NO;
				GCC_NO_COMMON_BLOCKS = YES;
				GCC_OPTIMIZATION_LEVEL = 0;
				GCC_PREPROCESSOR_DEFINITIONS = (
					"DEBUG=1",
					"$(inherited)",
				);
				GCC_WARN_64_TO_32_BIT_CONVERSION = YES;
				GCC_WARN_ABOUT_RETURN_TYPE = YES_ERROR;
				GCC_WARN_UNDECLARED_SELECTOR = YES;
				GCC_WARN_UNINITIALIZED_AUTOS = YES_AGGRESSIVE;
				GCC_WARN_UNUSED_FUNCTION = YES;
				GCC_WARN_UNUSED_VARIABLE = YES;
				IPHONEOS_DEPLOYMENT_TARGET = 11.4;
				MTL_ENABLE_DEBUG_INFO = YES;
				ONLY_ACTIVE_ARCH = YES;
				SDKROOT = iphoneos;
				SWIFT_ACTIVE_COMPILATION_CONDITIONS = DEBUG;
				SWIFT_OPTIMIZATION_LEVEL = "-Onone";
			};
			name = Debug;
		};
		32B76344211956CF00673656 /* Release */ = {
			isa = XCBuildConfiguration;
			buildSettings = {
				ALWAYS_SEARCH_USER_PATHS = NO;
				CLANG_ANALYZER_NONNULL = YES;
				CLANG_ANALYZER_NUMBER_OBJECT_CONVERSION = YES_AGGRESSIVE;
				CLANG_CXX_LANGUAGE_STANDARD = "gnu++14";
				CLANG_CXX_LIBRARY = "libc++";
				CLANG_ENABLE_MODULES = YES;
				CLANG_ENABLE_OBJC_ARC = YES;
				CLANG_ENABLE_OBJC_WEAK = YES;
				CLANG_WARN_BLOCK_CAPTURE_AUTORELEASING = YES;
				CLANG_WARN_BOOL_CONVERSION = YES;
				CLANG_WARN_COMMA = YES;
				CLANG_WARN_CONSTANT_CONVERSION = YES;
				CLANG_WARN_DEPRECATED_OBJC_IMPLEMENTATIONS = YES;
				CLANG_WARN_DIRECT_OBJC_ISA_USAGE = YES_ERROR;
				CLANG_WARN_DOCUMENTATION_COMMENTS = YES;
				CLANG_WARN_EMPTY_BODY = YES;
				CLANG_WARN_ENUM_CONVERSION = YES;
				CLANG_WARN_INFINITE_RECURSION = YES;
				CLANG_WARN_INT_CONVERSION = YES;
				CLANG_WARN_NON_LITERAL_NULL_CONVERSION = YES;
				CLANG_WARN_OBJC_IMPLICIT_RETAIN_SELF = YES;
				CLANG_WARN_OBJC_LITERAL_CONVERSION = YES;
				CLANG_WARN_OBJC_ROOT_CLASS = YES_ERROR;
				CLANG_WARN_RANGE_LOOP_ANALYSIS = YES;
				CLANG_WARN_STRICT_PROTOTYPES = YES;
				CLANG_WARN_SUSPICIOUS_MOVE = YES;
				CLANG_WARN_UNGUARDED_AVAILABILITY = YES_AGGRESSIVE;
				CLANG_WARN_UNREACHABLE_CODE = YES;
				CLANG_WARN__DUPLICATE_METHOD_MATCH = YES;
				CODE_SIGN_IDENTITY = "iPhone Developer";
				COPY_PHASE_STRIP = NO;
				DEBUG_INFORMATION_FORMAT = "dwarf-with-dsym";
				ENABLE_NS_ASSERTIONS = NO;
				ENABLE_STRICT_OBJC_MSGSEND = YES;
				GCC_C_LANGUAGE_STANDARD = gnu11;
				GCC_NO_COMMON_BLOCKS = YES;
				GCC_WARN_64_TO_32_BIT_CONVERSION = YES;
				GCC_WARN_ABOUT_RETURN_TYPE = YES_ERROR;
				GCC_WARN_UNDECLARED_SELECTOR = YES;
				GCC_WARN_UNINITIALIZED_AUTOS = YES_AGGRESSIVE;
				GCC_WARN_UNUSED_FUNCTION = YES;
				GCC_WARN_UNUSED_VARIABLE = YES;
				IPHONEOS_DEPLOYMENT_TARGET = 11.4;
				MTL_ENABLE_DEBUG_INFO = NO;
				SDKROOT = iphoneos;
				SWIFT_COMPILATION_MODE = wholemodule;
				SWIFT_OPTIMIZATION_LEVEL = "-O";
				VALIDATE_PRODUCT = YES;
			};
			name = Release;
		};
		32B76346211956CF00673656 /* Debug */ = {
			isa = XCBuildConfiguration;
			baseConfigurationReference = CD55C39268224864B1F6C949 /* Pods-SearchUserMVP.debug.xcconfig */;
			buildSettings = {
				ASSETCATALOG_COMPILER_APPICON_NAME = AppIcon;
				CODE_SIGN_STYLE = Automatic;
				INFOPLIST_FILE = SearchUserMVP/Info.plist;
				LD_RUNPATH_SEARCH_PATHS = (
					"$(inherited)",
					"@executable_path/Frameworks",
				);
				PRODUCT_BUNDLE_IDENTIFIER = ThinhLe.SearchUserMVP;
				PRODUCT_NAME = "$(TARGET_NAME)";
				SWIFT_VERSION = 4.0;
				TARGETED_DEVICE_FAMILY = "1,2";
			};
			name = Debug;
		};
		32B76347211956CF00673656 /* Release */ = {
			isa = XCBuildConfiguration;
			baseConfigurationReference = EC792125E067572892CC5FDA /* Pods-SearchUserMVP.release.xcconfig */;
			buildSettings = {
				ASSETCATALOG_COMPILER_APPICON_NAME = AppIcon;
				CODE_SIGN_STYLE = Automatic;
				INFOPLIST_FILE = SearchUserMVP/Info.plist;
				LD_RUNPATH_SEARCH_PATHS = (
					"$(inherited)",
					"@executable_path/Frameworks",
				);
				PRODUCT_BUNDLE_IDENTIFIER = ThinhLe.SearchUserMVP;
				PRODUCT_NAME = "$(TARGET_NAME)";
				SWIFT_VERSION = 4.0;
				TARGETED_DEVICE_FAMILY = "1,2";
			};
			name = Release;
		};
/* End XCBuildConfiguration section */

/* Begin XCConfigurationList section */
		32B7632E211956CC00673656 /* Build configuration list for PBXProject "SearchUserMVP" */ = {
			isa = XCConfigurationList;
			buildConfigurations = (
				32B76343211956CF00673656 /* Debug */,
				32B76344211956CF00673656 /* Release */,
			);
			defaultConfigurationIsVisible = 0;
			defaultConfigurationName = Release;
		};
		32B76345211956CF00673656 /* Build configuration list for PBXNativeTarget "SearchUserMVP" */ = {
			isa = XCConfigurationList;
			buildConfigurations = (
				32B76346211956CF00673656 /* Debug */,
				32B76347211956CF00673656 /* Release */,
			);
			defaultConfigurationIsVisible = 0;
			defaultConfigurationName = Release;
		};
/* End XCConfigurationList section */
	};
	rootObject = 32B7632B211956CC00673656 /* Project object */;
}
